
Microsoft Visual Studio Solution File, Format Version 12.00
# Visual Studio 15
VisualStudioVersion = 15.0.28307.168
MinimumVisualStudioVersion = 10.0.40219.1
Project("{888888A0-9F3D-457C-B088-3A5042F75D52}") = "PyDisco", "PyDisco.pyproj", "{FEA879B3-BA96-4DD1-9DD2-34A24FE778C4}"
EndProject
Global
	GlobalSection(SolutionConfigurationPlatforms) = preSolution
		Debug|Any CPU = Debug|Any CPU
		Release|Any CPU = Release|Any CPU
	EndGlobalSection
	GlobalSection(ProjectConfigurationPlatforms) = postSolution
		{FEA879B3-BA96-4DD1-9DD2-34A24FE778C4}.Debug|Any CPU.ActiveCfg = Debug|Any CPU
		{FEA879B3-BA96-4DD1-9DD2-34A24FE778C4}.Release|Any CPU.ActiveCfg = Release|Any CPU
	EndGlobalSection
	GlobalSection(SolutionProperties) = preSolution
		HideSolutionNode = FALSE
	EndGlobalSection
	GlobalSection(ExtensibilityGlobals) = postSolution
		SolutionGuid = {6CCDB5D2-3182-458F-891D-D70B96EA83E8}
	EndGlobalSection
EndGlobal
